
Microsoft Visual Studio Solution File, Format Version 12.00
# Visual Studio 15
VisualStudioVersion = 15.0.28307.421
MinimumVisualStudioVersion = 10.0.40219.1
Project("{8BC9CEB8-8B4A-11D0-8D11-00A0C91BC942}") = "Exercicio_1_1", "Exercicio_1_1\Exercicio_1_1.vcxproj", "{8C622A83-6092-4248-BC9A-9DB85D8859FA}"
EndProject
Project("{8BC9CEB8-8B4A-11D0-8D11-00A0C91BC942}") = "Exercicio_1_2", "Exercicio_1_2\Exercicio_1_2.vcxproj", "{CFF7FBF8-30B3-428D-9082-DA42E3C384F6}"
EndProject
Project("{8BC9CEB8-8B4A-11D0-8D11-00A0C91BC942}") = "Exercicio_1_3", "Exercicio_1_3\Exercicio_1_3.vcxproj", "{ABA4BBE1-8E4F-4FFD-8C94-F85C3E46EF82}"
EndProject
Project("{8BC9CEB8-8B4A-11D0-8D11-00A0C91BC942}") = "Exercicio_1_4", "Exercicio_1_4\Exercicio_1_4.vcxproj", "{E2C9C690-D881-4127-A4C6-57564BAD1936}"
EndProject
Project("{8BC9CEB8-8B4A-11D0-8D11-00A0C91BC942}") = "Exercicio_1_5", "Ecercicio_1_5\Ecercicio_1_5.vcxproj", "{51B48FE1-696C-474E-BD39-66CBB71F303C}"
EndProject
Project("{8BC9CEB8-8B4A-11D0-8D11-00A0C91BC942}") = "Exercicio_1_6", "Exercicio_1_6\Exercicio_1_6.vcxproj", "{C04DFF2D-895F-43FD-A75A-77D1C363CE0D}"
EndProject
Project("{8BC9CEB8-8B4A-11D0-8D11-00A0C91BC942}") = "Exercicio_2_1", "Exercicio_2_1\Exercicio_2_1.vcxproj", "{7DC080AC-2CA4-49B6-B961-1F741A848690}"
EndProject
Project("{8BC9CEB8-8B4A-11D0-8D11-00A0C91BC942}") = "Exercicio_2_2_a_b", "Exercicio_2_2\Exercicio_2_2.vcxproj", "{A123551A-33B6-45FD-9A04-733F5245035B}"
EndProject
Project("{8BC9CEB8-8B4A-11D0-8D11-00A0C91BC942}") = "Exercicio_2_2_c", "Exercicio_2_3\Exercicio_2_3.vcxproj", "{4AEEDE2A-F18B-4F65-B0EF-66FE937ABD94}"
EndProject
Project("{8BC9CEB8-8B4A-11D0-8D11-00A0C91BC942}") = "Exercicio_2_3", "Exercicio_aaa\Exercicio_aaa.vcxproj", "{7A12DC98-0188-4C7F-8AB5-F162B5E08BD2}"
EndProject
Project("{8BC9CEB8-8B4A-11D0-8D11-00A0C91BC942}") = "Exercicio_2_4", "Exercicio_2_4\Exercicio_2_4.vcxproj", "{7CFCB8F3-A99D-4FE7-8FDC-3C94480CA4AD}"
EndProject
Project("{8BC9CEB8-8B4A-11D0-8D11-00A0C91BC942}") = "Exercicio_2_5", "Exercicio_2_5\Exercicio_2_5.vcxproj", "{6B73FA48-FEC3-4227-8437-B435F75D6D0F}"
EndProject
Project("{8BC9CEB8-8B4A-11D0-8D11-00A0C91BC942}") = "Exercicio_2_6", "Exercicio_2_6\Exercicio_2_6.vcxproj", "{B10CAD89-71D6-4805-B07B-D519AF8FA884}"
EndProject
Project("{8BC9CEB8-8B4A-11D0-8D11-00A0C91BC942}") = "Exercicio_2_6_b", "Exercicio_2_6_b\Exercicio_2_6_b.vcxproj", "{3F9F8F96-4434-4020-947E-217778C8CDD8}"
EndProject
Project("{8BC9CEB8-8B4A-11D0-8D11-00A0C91BC942}") = "Exercicio_2_6_c", "Exercicio_2_6_c\Exercicio_2_6_c.vcxproj", "{6CB0DC88-F88B-46CA-A4B4-0C56F6D0EC0E}"
EndProject
Project("{8BC9CEB8-8B4A-11D0-8D11-00A0C91BC942}") = "Exercicio_2_7_a", "Exercicio_2_7_a\Exercicio_2_7_a.vcxproj", "{223976C3-ED04-4EC6-90A5-BB7A0707F27C}"
EndProject
Project("{8BC9CEB8-8B4A-11D0-8D11-00A0C91BC942}") = "Exercicio_2_7_b", "Exercicio_2_7_b\Exercicio_2_7_b.vcxproj", "{4185B11E-50FF-4F4C-8C89-8B599FCFCD70}"
EndProject
Project("{8BC9CEB8-8B4A-11D0-8D11-00A0C91BC942}") = "Exercicio_2_8", "Exercicio_2_8\Exercicio_2_8.vcxproj", "{06699102-048C-4CC6-8E58-B76BEA63725B}"
EndProject
Project("{8BC9CEB8-8B4A-11D0-8D11-00A0C91BC942}") = "Exercicio_2_9_a", "Exercicio_2_9_a\Exercicio_2_9_a.vcxproj", "{6A6DBD5A-56F5-406D-B6B2-692A927890F2}"
EndProject
Project("{8BC9CEB8-8B4A-11D0-8D11-00A0C91BC942}") = "Exercicio_2_9_b", "Exercicio_2_9_b\Exercicio_2_9_b.vcxproj", "{B2580770-EFF9-407E-885A-C172CADFB5C4}"
EndProject
Project("{8BC9CEB8-8B4A-11D0-8D11-00A0C91BC942}") = "Exercicio_2_9_c", "Exercicio_2_9_c\Exercicio_2_9_c.vcxproj", "{F010FD8E-4DA2-4FA1-AC65-FF2A1516E8C3}"
EndProject
Project("{8BC9CEB8-8B4A-11D0-8D11-00A0C91BC942}") = "Exercicio_2_10_a", "Exercicio_2_10_a\Exercicio_2_10_a.vcxproj", "{F6181108-7BBA-4A64-9E36-5913946E11F1}"
EndProject
Project("{8BC9CEB8-8B4A-11D0-8D11-00A0C91BC942}") = "Exercicio_2_10_b", "Exercicio_2_10_b\Exercicio_2_10_b.vcxproj", "{AD6D9765-33AC-44FA-829A-F78A9EEC0128}"
EndProject
Project("{8BC9CEB8-8B4A-11D0-8D11-00A0C91BC942}") = "Exercicio_2_11_a", "Exercicio_2_11_a\Exercicio_2_11_a.vcxproj", "{C33B9528-64E0-4F65-8644-A37EED8C4227}"
EndProject
Project("{8BC9CEB8-8B4A-11D0-8D11-00A0C91BC942}") = "Exercicio_2_11_b", "Exercicio_2_11_b\Exercicio_2_11_b.vcxproj", "{F3850C65-D757-4C67-B893-713B68217C1A}"
EndProject
Project("{8BC9CEB8-8B4A-11D0-8D11-00A0C91BC942}") = "Exercicio_2_11_c", "Exercicio_2_11_c\Exercicio_2_11_c.vcxproj", "{3B71CCBA-9BED-4F3B-A692-495D01B09D4E}"
EndProject
Project("{8BC9CEB8-8B4A-11D0-8D11-00A0C91BC942}") = "Exercicio_2_13", "Exercicio_2_13\Exercicio_2_13.vcxproj", "{A111C93F-F422-4E50-A750-906EC8675334}"
EndProject
Project("{8BC9CEB8-8B4A-11D0-8D11-00A0C91BC942}") = "Exercicio_2_14_a", "Exercicio_2_14_a\Exercicio_2_14_a.vcxproj", "{8A334ACA-4889-4317-BF58-4E5BE1858977}"
EndProject
Project("{8BC9CEB8-8B4A-11D0-8D11-00A0C91BC942}") = "Exercicio_2_14_b", "Exercicio_2_14_b\Exercicio_2_14_b.vcxproj", "{7DAE06AD-E5E6-4922-8766-241317887465}"
EndProject
Project("{8BC9CEB8-8B4A-11D0-8D11-00A0C91BC942}") = "Exercicio_2_15", "Exercicio_2_15\Exercicio_2_15.vcxproj", "{DB5169A0-9926-4030-B153-AF8AE0B30C57}"
EndProject
Global
	GlobalSection(SolutionConfigurationPlatforms) = preSolution
		Debug|x64 = Debug|x64
		Debug|x86 = Debug|x86
		Release|x64 = Release|x64
		Release|x86 = Release|x86
	EndGlobalSection
	GlobalSection(ProjectConfigurationPlatforms) = postSolution
		{8C622A83-6092-4248-BC9A-9DB85D8859FA}.Debug|x64.ActiveCfg = Debug|x64
		{8C622A83-6092-4248-BC9A-9DB85D8859FA}.Debug|x64.Build.0 = Debug|x64
		{8C622A83-6092-4248-BC9A-9DB85D8859FA}.Debug|x86.ActiveCfg = Debug|Win32
		{8C622A83-6092-4248-BC9A-9DB85D8859FA}.Debug|x86.Build.0 = Debug|Win32
		{8C622A83-6092-4248-BC9A-9DB85D8859FA}.Release|x64.ActiveCfg = Release|x64
		{8C622A83-6092-4248-BC9A-9DB85D8859FA}.Release|x64.Build.0 = Release|x64
		{8C622A83-6092-4248-BC9A-9DB85D8859FA}.Release|x86.ActiveCfg = Release|Win32
		{8C622A83-6092-4248-BC9A-9DB85D8859FA}.Release|x86.Build.0 = Release|Win32
		{CFF7FBF8-30B3-428D-9082-DA42E3C384F6}.Debug|x64.ActiveCfg = Debug|x64
		{CFF7FBF8-30B3-428D-9082-DA42E3C384F6}.Debug|x64.Build.0 = Debug|x64
		{CFF7FBF8-30B3-428D-9082-DA42E3C384F6}.Debug|x86.ActiveCfg = Debug|Win32
		{CFF7FBF8-30B3-428D-9082-DA42E3C384F6}.Debug|x86.Build.0 = Debug|Win32
		{CFF7FBF8-30B3-428D-9082-DA42E3C384F6}.Release|x64.ActiveCfg = Release|x64
		{CFF7FBF8-30B3-428D-9082-DA42E3C384F6}.Release|x64.Build.0 = Release|x64
		{CFF7FBF8-30B3-428D-9082-DA42E3C384F6}.Release|x86.ActiveCfg = Release|Win32
		{CFF7FBF8-30B3-428D-9082-DA42E3C384F6}.Release|x86.Build.0 = Release|Win32
		{ABA4BBE1-8E4F-4FFD-8C94-F85C3E46EF82}.Debug|x64.ActiveCfg = Debug|x64
		{ABA4BBE1-8E4F-4FFD-8C94-F85C3E46EF82}.Debug|x64.Build.0 = Debug|x64
		{ABA4BBE1-8E4F-4FFD-8C94-F85C3E46EF82}.Debug|x86.ActiveCfg = Debug|Win32
		{ABA4BBE1-8E4F-4FFD-8C94-F85C3E46EF82}.Debug|x86.Build.0 = Debug|Win32
		{ABA4BBE1-8E4F-4FFD-8C94-F85C3E46EF82}.Release|x64.ActiveCfg = Release|x64
		{ABA4BBE1-8E4F-4FFD-8C94-F85C3E46EF82}.Release|x64.Build.0 = Release|x64
		{ABA4BBE1-8E4F-4FFD-8C94-F85C3E46EF82}.Release|x86.ActiveCfg = Release|Win32
		{ABA4BBE1-8E4F-4FFD-8C94-F85C3E46EF82}.Release|x86.Build.0 = Release|Win32
		{E2C9C690-D881-4127-A4C6-57564BAD1936}.Debug|x64.ActiveCfg = Debug|x64
		{E2C9C690-D881-4127-A4C6-57564BAD1936}.Debug|x64.Build.0 = Debug|x64
		{E2C9C690-D881-4127-A4C6-57564BAD1936}.Debug|x86.ActiveCfg = Debug|Win32
		{E2C9C690-D881-4127-A4C6-57564BAD1936}.Debug|x86.Build.0 = Debug|Win32
		{E2C9C690-D881-4127-A4C6-57564BAD1936}.Release|x64.ActiveCfg = Release|x64
		{E2C9C690-D881-4127-A4C6-57564BAD1936}.Release|x64.Build.0 = Release|x64
		{E2C9C690-D881-4127-A4C6-57564BAD1936}.Release|x86.ActiveCfg = Release|Win32
		{E2C9C690-D881-4127-A4C6-57564BAD1936}.Release|x86.Build.0 = Release|Win32
		{51B48FE1-696C-474E-BD39-66CBB71F303C}.Debug|x64.ActiveCfg = Debug|x64
		{51B48FE1-696C-474E-BD39-66CBB71F303C}.Debug|x64.Build.0 = Debug|x64
		{51B48FE1-696C-474E-BD39-66CBB71F303C}.Debug|x86.ActiveCfg = Debug|Win32
		{51B48FE1-696C-474E-BD39-66CBB71F303C}.Debug|x86.Build.0 = Debug|Win32
		{51B48FE1-696C-474E-BD39-66CBB71F303C}.Release|x64.ActiveCfg = Release|x64
		{51B48FE1-696C-474E-BD39-66CBB71F303C}.Release|x64.Build.0 = Release|x64
		{51B48FE1-696C-474E-BD39-66CBB71F303C}.Release|x86.ActiveCfg = Release|Win32
		{51B48FE1-696C-474E-BD39-66CBB71F303C}.Release|x86.Build.0 = Release|Win32
		{C04DFF2D-895F-43FD-A75A-77D1C363CE0D}.Debug|x64.ActiveCfg = Debug|x64
		{C04DFF2D-895F-43FD-A75A-77D1C363CE0D}.Debug|x64.Build.0 = Debug|x64
		{C04DFF2D-895F-43FD-A75A-77D1C363CE0D}.Debug|x86.ActiveCfg = Debug|Win32
		{C04DFF2D-895F-43FD-A75A-77D1C363CE0D}.Debug|x86.Build.0 = Debug|Win32
		{C04DFF2D-895F-43FD-A75A-77D1C363CE0D}.Release|x64.ActiveCfg = Release|x64
		{C04DFF2D-895F-43FD-A75A-77D1C363CE0D}.Release|x64.Build.0 = Release|x64
		{C04DFF2D-895F-43FD-A75A-77D1C363CE0D}.Release|x86.ActiveCfg = Release|Win32
		{C04DFF2D-895F-43FD-A75A-77D1C363CE0D}.Release|x86.Build.0 = Release|Win32
		{7DC080AC-2CA4-49B6-B961-1F741A848690}.Debug|x64.ActiveCfg = Debug|x64
		{7DC080AC-2CA4-49B6-B961-1F741A848690}.Debug|x64.Build.0 = Debug|x64
		{7DC080AC-2CA4-49B6-B961-1F741A848690}.Debug|x86.ActiveCfg = Debug|Win32
		{7DC080AC-2CA4-49B6-B961-1F741A848690}.Debug|x86.Build.0 = Debug|Win32
		{7DC080AC-2CA4-49B6-B961-1F741A848690}.Release|x64.ActiveCfg = Release|x64
		{7DC080AC-2CA4-49B6-B961-1F741A848690}.Release|x64.Build.0 = Release|x64
		{7DC080AC-2CA4-49B6-B961-1F741A848690}.Release|x86.ActiveCfg = Release|Win32
		{7DC080AC-2CA4-49B6-B961-1F741A848690}.Release|x86.Build.0 = Release|Win32
		{A123551A-33B6-45FD-9A04-733F5245035B}.Debug|x64.ActiveCfg = Debug|x64
		{A123551A-33B6-45FD-9A04-733F5245035B}.Debug|x64.Build.0 = Debug|x64
		{A123551A-33B6-45FD-9A04-733F5245035B}.Debug|x86.ActiveCfg = Debug|Win32
		{A123551A-33B6-45FD-9A04-733F5245035B}.Debug|x86.Build.0 = Debug|Win32
		{A123551A-33B6-45FD-9A04-733F5245035B}.Release|x64.ActiveCfg = Release|x64
		{A123551A-33B6-45FD-9A04-733F5245035B}.Release|x64.Build.0 = Release|x64
		{A123551A-33B6-45FD-9A04-733F5245035B}.Release|x86.ActiveCfg = Release|Win32
		{A123551A-33B6-45FD-9A04-733F5245035B}.Release|x86.Build.0 = Release|Win32
		{4AEEDE2A-F18B-4F65-B0EF-66FE937ABD94}.Debug|x64.ActiveCfg = Debug|x64
		{4AEEDE2A-F18B-4F65-B0EF-66FE937ABD94}.Debug|x64.Build.0 = Debug|x64
		{4AEEDE2A-F18B-4F65-B0EF-66FE937ABD94}.Debug|x86.ActiveCfg = Debug|Win32
		{4AEEDE2A-F18B-4F65-B0EF-66FE937ABD94}.Debug|x86.Build.0 = Debug|Win32
		{4AEEDE2A-F18B-4F65-B0EF-66FE937ABD94}.Release|x64.ActiveCfg = Release|x64
		{4AEEDE2A-F18B-4F65-B0EF-66FE937ABD94}.Release|x64.Build.0 = Release|x64
		{4AEEDE2A-F18B-4F65-B0EF-66FE937ABD94}.Release|x86.ActiveCfg = Release|Win32
		{4AEEDE2A-F18B-4F65-B0EF-66FE937ABD94}.Release|x86.Build.0 = Release|Win32
		{7A12DC98-0188-4C7F-8AB5-F162B5E08BD2}.Debug|x64.ActiveCfg = Debug|x64
		{7A12DC98-0188-4C7F-8AB5-F162B5E08BD2}.Debug|x64.Build.0 = Debug|x64
		{7A12DC98-0188-4C7F-8AB5-F162B5E08BD2}.Debug|x86.ActiveCfg = Debug|Win32
		{7A12DC98-0188-4C7F-8AB5-F162B5E08BD2}.Debug|x86.Build.0 = Debug|Win32
		{7A12DC98-0188-4C7F-8AB5-F162B5E08BD2}.Release|x64.ActiveCfg = Release|x64
		{7A12DC98-0188-4C7F-8AB5-F162B5E08BD2}.Release|x64.Build.0 = Release|x64
		{7A12DC98-0188-4C7F-8AB5-F162B5E08BD2}.Release|x86.ActiveCfg = Release|Win32
		{7A12DC98-0188-4C7F-8AB5-F162B5E08BD2}.Release|x86.Build.0 = Release|Win32
		{7CFCB8F3-A99D-4FE7-8FDC-3C94480CA4AD}.Debug|x64.ActiveCfg = Debug|x64
		{7CFCB8F3-A99D-4FE7-8FDC-3C94480CA4AD}.Debug|x64.Build.0 = Debug|x64
		{7CFCB8F3-A99D-4FE7-8FDC-3C94480CA4AD}.Debug|x86.ActiveCfg = Debug|Win32
		{7CFCB8F3-A99D-4FE7-8FDC-3C94480CA4AD}.Debug|x86.Build.0 = Debug|Win32
		{7CFCB8F3-A99D-4FE7-8FDC-3C94480CA4AD}.Release|x64.ActiveCfg = Release|x64
		{7CFCB8F3-A99D-4FE7-8FDC-3C94480CA4AD}.Release|x64.Build.0 = Release|x64
		{7CFCB8F3-A99D-4FE7-8FDC-3C94480CA4AD}.Release|x86.ActiveCfg = Release|Win32
		{7CFCB8F3-A99D-4FE7-8FDC-3C94480CA4AD}.Release|x86.Build.0 = Release|Win32
		{6B73FA48-FEC3-4227-8437-B435F75D6D0F}.Debug|x64.ActiveCfg = Debug|x64
		{6B73FA48-FEC3-4227-8437-B435F75D6D0F}.Debug|x64.Build.0 = Debug|x64
		{6B73FA48-FEC3-4227-8437-B435F75D6D0F}.Debug|x86.ActiveCfg = Debug|Win32
		{6B73FA48-FEC3-4227-8437-B435F75D6D0F}.Debug|x86.Build.0 = Debug|Win32
		{6B73FA48-FEC3-4227-8437-B435F75D6D0F}.Release|x64.ActiveCfg = Release|x64
		{6B73FA48-FEC3-4227-8437-B435F75D6D0F}.Release|x64.Build.0 = Release|x64
		{6B73FA48-FEC3-4227-8437-B435F75D6D0F}.Release|x86.ActiveCfg = Release|Win32
		{6B73FA48-FEC3-4227-8437-B435F75D6D0F}.Release|x86.Build.0 = Release|Win32
		{B10CAD89-71D6-4805-B07B-D519AF8FA884}.Debug|x64.ActiveCfg = Debug|x64
		{B10CAD89-71D6-4805-B07B-D519AF8FA884}.Debug|x64.Build.0 = Debug|x64
		{B10CAD89-71D6-4805-B07B-D519AF8FA884}.Debug|x86.ActiveCfg = Debug|Win32
		{B10CAD89-71D6-4805-B07B-D519AF8FA884}.Debug|x86.Build.0 = Debug|Win32
		{B10CAD89-71D6-4805-B07B-D519AF8FA884}.Release|x64.ActiveCfg = Release|x64
		{B10CAD89-71D6-4805-B07B-D519AF8FA884}.Release|x64.Build.0 = Release|x64
		{B10CAD89-71D6-4805-B07B-D519AF8FA884}.Release|x86.ActiveCfg = Release|Win32
		{B10CAD89-71D6-4805-B07B-D519AF8FA884}.Release|x86.Build.0 = Release|Win32
		{3F9F8F96-4434-4020-947E-217778C8CDD8}.Debug|x64.ActiveCfg = Debug|x64
		{3F9F8F96-4434-4020-947E-217778C8CDD8}.Debug|x64.Build.0 = Debug|x64
		{3F9F8F96-4434-4020-947E-217778C8CDD8}.Debug|x86.ActiveCfg = Debug|Win32
		{3F9F8F96-4434-4020-947E-217778C8CDD8}.Debug|x86.Build.0 = Debug|Win32
		{3F9F8F96-4434-4020-947E-217778C8CDD8}.Release|x64.ActiveCfg = Release|x64
		{3F9F8F96-4434-4020-947E-217778C8CDD8}.Release|x64.Build.0 = Release|x64
		{3F9F8F96-4434-4020-947E-217778C8CDD8}.Release|x86.ActiveCfg = Release|Win32
		{3F9F8F96-4434-4020-947E-217778C8CDD8}.Release|x86.Build.0 = Release|Win32
		{6CB0DC88-F88B-46CA-A4B4-0C56F6D0EC0E}.Debug|x64.ActiveCfg = Debug|x64
		{6CB0DC88-F88B-46CA-A4B4-0C56F6D0EC0E}.Debug|x64.Build.0 = Debug|x64
		{6CB0DC88-F88B-46CA-A4B4-0C56F6D0EC0E}.Debug|x86.ActiveCfg = Debug|Win32
		{6CB0DC88-F88B-46CA-A4B4-0C56F6D0EC0E}.Debug|x86.Build.0 = Debug|Win32
		{6CB0DC88-F88B-46CA-A4B4-0C56F6D0EC0E}.Release|x64.ActiveCfg = Release|x64
		{6CB0DC88-F88B-46CA-A4B4-0C56F6D0EC0E}.Release|x64.Build.0 = Release|x64
		{6CB0DC88-F88B-46CA-A4B4-0C56F6D0EC0E}.Release|x86.ActiveCfg = Release|Win32
		{6CB0DC88-F88B-46CA-A4B4-0C56F6D0EC0E}.Release|x86.Build.0 = Release|Win32
		{223976C3-ED04-4EC6-90A5-BB7A0707F27C}.Debug|x64.ActiveCfg = Debug|x64
		{223976C3-ED04-4EC6-90A5-BB7A0707F27C}.Debug|x64.Build.0 = Debug|x64
		{223976C3-ED04-4EC6-90A5-BB7A0707F27C}.Debug|x86.ActiveCfg = Debug|Win32
		{223976C3-ED04-4EC6-90A5-BB7A0707F27C}.Debug|x86.Build.0 = Debug|Win32
		{223976C3-ED04-4EC6-90A5-BB7A0707F27C}.Release|x64.ActiveCfg = Release|x64
		{223976C3-ED04-4EC6-90A5-BB7A0707F27C}.Release|x64.Build.0 = Release|x64
		{223976C3-ED04-4EC6-90A5-BB7A0707F27C}.Release|x86.ActiveCfg = Release|Win32
		{223976C3-ED04-4EC6-90A5-BB7A0707F27C}.Release|x86.Build.0 = Release|Win32
		{4185B11E-50FF-4F4C-8C89-8B599FCFCD70}.Debug|x64.ActiveCfg = Debug|x64
		{4185B11E-50FF-4F4C-8C89-8B599FCFCD70}.Debug|x64.Build.0 = Debug|x64
		{4185B11E-50FF-4F4C-8C89-8B599FCFCD70}.Debug|x86.ActiveCfg = Debug|Win32
		{4185B11E-50FF-4F4C-8C89-8B599FCFCD70}.Debug|x86.Build.0 = Debug|Win32
		{4185B11E-50FF-4F4C-8C89-8B599FCFCD70}.Release|x64.ActiveCfg = Release|x64
		{4185B11E-50FF-4F4C-8C89-8B599FCFCD70}.Release|x64.Build.0 = Release|x64
		{4185B11E-50FF-4F4C-8C89-8B599FCFCD70}.Release|x86.ActiveCfg = Release|Win32
		{4185B11E-50FF-4F4C-8C89-8B599FCFCD70}.Release|x86.Build.0 = Release|Win32
		{06699102-048C-4CC6-8E58-B76BEA63725B}.Debug|x64.ActiveCfg = Debug|x64
		{06699102-048C-4CC6-8E58-B76BEA63725B}.Debug|x64.Build.0 = Debug|x64
		{06699102-048C-4CC6-8E58-B76BEA63725B}.Debug|x86.ActiveCfg = Debug|Win32
		{06699102-048C-4CC6-8E58-B76BEA63725B}.Debug|x86.Build.0 = Debug|Win32
		{06699102-048C-4CC6-8E58-B76BEA63725B}.Release|x64.ActiveCfg = Release|x64
		{06699102-048C-4CC6-8E58-B76BEA63725B}.Release|x64.Build.0 = Release|x64
		{06699102-048C-4CC6-8E58-B76BEA63725B}.Release|x86.ActiveCfg = Release|Win32
		{06699102-048C-4CC6-8E58-B76BEA63725B}.Release|x86.Build.0 = Release|Win32
		{6A6DBD5A-56F5-406D-B6B2-692A927890F2}.Debug|x64.ActiveCfg = Debug|x64
		{6A6DBD5A-56F5-406D-B6B2-692A927890F2}.Debug|x64.Build.0 = Debug|x64
		{6A6DBD5A-56F5-406D-B6B2-692A927890F2}.Debug|x86.ActiveCfg = Debug|Win32
		{6A6DBD5A-56F5-406D-B6B2-692A927890F2}.Debug|x86.Build.0 = Debug|Win32
		{6A6DBD5A-56F5-406D-B6B2-692A927890F2}.Release|x64.ActiveCfg = Release|x64
		{6A6DBD5A-56F5-406D-B6B2-692A927890F2}.Release|x64.Build.0 = Release|x64
		{6A6DBD5A-56F5-406D-B6B2-692A927890F2}.Release|x86.ActiveCfg = Release|Win32
		{6A6DBD5A-56F5-406D-B6B2-692A927890F2}.Release|x86.Build.0 = Release|Win32
		{B2580770-EFF9-407E-885A-C172CADFB5C4}.Debug|x64.ActiveCfg = Debug|x64
		{B2580770-EFF9-407E-885A-C172CADFB5C4}.Debug|x64.Build.0 = Debug|x64
		{B2580770-EFF9-407E-885A-C172CADFB5C4}.Debug|x86.ActiveCfg = Debug|Win32
		{B2580770-EFF9-407E-885A-C172CADFB5C4}.Debug|x86.Build.0 = Debug|Win32
		{B2580770-EFF9-407E-885A-C172CADFB5C4}.Release|x64.ActiveCfg = Release|x64
		{B2580770-EFF9-407E-885A-C172CADFB5C4}.Release|x64.Build.0 = Release|x64
		{B2580770-EFF9-407E-885A-C172CADFB5C4}.Release|x86.ActiveCfg = Release|Win32
		{B2580770-EFF9-407E-885A-C172CADFB5C4}.Release|x86.Build.0 = Release|Win32
		{F010FD8E-4DA2-4FA1-AC65-FF2A1516E8C3}.Debug|x64.ActiveCfg = Debug|x64
		{F010FD8E-4DA2-4FA1-AC65-FF2A1516E8C3}.Debug|x64.Build.0 = Debug|x64
		{F010FD8E-4DA2-4FA1-AC65-FF2A1516E8C3}.Debug|x86.ActiveCfg = Debug|Win32
		{F010FD8E-4DA2-4FA1-AC65-FF2A1516E8C3}.Debug|x86.Build.0 = Debug|Win32
		{F010FD8E-4DA2-4FA1-AC65-FF2A1516E8C3}.Release|x64.ActiveCfg = Release|x64
		{F010FD8E-4DA2-4FA1-AC65-FF2A1516E8C3}.Release|x64.Build.0 = Release|x64
		{F010FD8E-4DA2-4FA1-AC65-FF2A1516E8C3}.Release|x86.ActiveCfg = Release|Win32
		{F010FD8E-4DA2-4FA1-AC65-FF2A1516E8C3}.Release|x86.Build.0 = Release|Win32
		{F6181108-7BBA-4A64-9E36-5913946E11F1}.Debug|x64.ActiveCfg = Debug|x64
		{F6181108-7BBA-4A64-9E36-5913946E11F1}.Debug|x64.Build.0 = Debug|x64
		{F6181108-7BBA-4A64-9E36-5913946E11F1}.Debug|x86.ActiveCfg = Debug|Win32
		{F6181108-7BBA-4A64-9E36-5913946E11F1}.Debug|x86.Build.0 = Debug|Win32
		{F6181108-7BBA-4A64-9E36-5913946E11F1}.Release|x64.ActiveCfg = Release|x64
		{F6181108-7BBA-4A64-9E36-5913946E11F1}.Release|x64.Build.0 = Release|x64
		{F6181108-7BBA-4A64-9E36-5913946E11F1}.Release|x86.ActiveCfg = Release|Win32
		{F6181108-7BBA-4A64-9E36-5913946E11F1}.Release|x86.Build.0 = Release|Win32
		{AD6D9765-33AC-44FA-829A-F78A9EEC0128}.Debug|x64.ActiveCfg = Debug|x64
		{AD6D9765-33AC-44FA-829A-F78A9EEC0128}.Debug|x64.Build.0 = Debug|x64
		{AD6D9765-33AC-44FA-829A-F78A9EEC0128}.Debug|x86.ActiveCfg = Debug|Win32
		{AD6D9765-33AC-44FA-829A-F78A9EEC0128}.Debug|x86.Build.0 = Debug|Win32
		{AD6D9765-33AC-44FA-829A-F78A9EEC0128}.Release|x64.ActiveCfg = Release|x64
		{AD6D9765-33AC-44FA-829A-F78A9EEC0128}.Release|x64.Build.0 = Release|x64
		{AD6D9765-33AC-44FA-829A-F78A9EEC0128}.Release|x86.ActiveCfg = Release|Win32
		{AD6D9765-33AC-44FA-829A-F78A9EEC0128}.Release|x86.Build.0 = Release|Win32
		{C33B9528-64E0-4F65-8644-A37EED8C4227}.Debug|x64.ActiveCfg = Debug|x64
		{C33B9528-64E0-4F65-8644-A37EED8C4227}.Debug|x64.Build.0 = Debug|x64
		{C33B9528-64E0-4F65-8644-A37EED8C4227}.Debug|x86.ActiveCfg = Debug|Win32
		{C33B9528-64E0-4F65-8644-A37EED8C4227}.Debug|x86.Build.0 = Debug|Win32
		{C33B9528-64E0-4F65-8644-A37EED8C4227}.Release|x64.ActiveCfg = Release|x64
		{C33B9528-64E0-4F65-8644-A37EED8C4227}.Release|x64.Build.0 = Release|x64
		{C33B9528-64E0-4F65-8644-A37EED8C4227}.Release|x86.ActiveCfg = Release|Win32
		{C33B9528-64E0-4F65-8644-A37EED8C4227}.Release|x86.Build.0 = Release|Win32
		{F3850C65-D757-4C67-B893-713B68217C1A}.Debug|x64.ActiveCfg = Debug|x64
		{F3850C65-D757-4C67-B893-713B68217C1A}.Debug|x64.Build.0 = Debug|x64
		{F3850C65-D757-4C67-B893-713B68217C1A}.Debug|x86.ActiveCfg = Debug|Win32
		{F3850C65-D757-4C67-B893-713B68217C1A}.Debug|x86.Build.0 = Debug|Win32
		{F3850C65-D757-4C67-B893-713B68217C1A}.Release|x64.ActiveCfg = Release|x64
		{F3850C65-D757-4C67-B893-713B68217C1A}.Release|x64.Build.0 = Release|x64
		{F3850C65-D757-4C67-B893-713B68217C1A}.Release|x86.ActiveCfg = Release|Win32
		{F3850C65-D757-4C67-B893-713B68217C1A}.Release|x86.Build.0 = Release|Win32
		{3B71CCBA-9BED-4F3B-A692-495D01B09D4E}.Debug|x64.ActiveCfg = Debug|x64
		{3B71CCBA-9BED-4F3B-A692-495D01B09D4E}.Debug|x64.Build.0 = Debug|x64
		{3B71CCBA-9BED-4F3B-A692-495D01B09D4E}.Debug|x86.ActiveCfg = Debug|Win32
		{3B71CCBA-9BED-4F3B-A692-495D01B09D4E}.Debug|x86.Build.0 = Debug|Win32
		{3B71CCBA-9BED-4F3B-A692-495D01B09D4E}.Release|x64.ActiveCfg = Release|x64
		{3B71CCBA-9BED-4F3B-A692-495D01B09D4E}.Release|x64.Build.0 = Release|x64
		{3B71CCBA-9BED-4F3B-A692-495D01B09D4E}.Release|x86.ActiveCfg = Release|Win32
		{3B71CCBA-9BED-4F3B-A692-495D01B09D4E}.Release|x86.Build.0 = Release|Win32
		{A111C93F-F422-4E50-A750-906EC8675334}.Debug|x64.ActiveCfg = Debug|x64
		{A111C93F-F422-4E50-A750-906EC8675334}.Debug|x64.Build.0 = Debug|x64
		{A111C93F-F422-4E50-A750-906EC8675334}.Debug|x86.ActiveCfg = Debug|Win32
		{A111C93F-F422-4E50-A750-906EC8675334}.Debug|x86.Build.0 = Debug|Win32
		{A111C93F-F422-4E50-A750-906EC8675334}.Release|x64.ActiveCfg = Release|x64
		{A111C93F-F422-4E50-A750-906EC8675334}.Release|x64.Build.0 = Release|x64
		{A111C93F-F422-4E50-A750-906EC8675334}.Release|x86.ActiveCfg = Release|Win32
		{A111C93F-F422-4E50-A750-906EC8675334}.Release|x86.Build.0 = Release|Win32
		{8A334ACA-4889-4317-BF58-4E5BE1858977}.Debug|x64.ActiveCfg = Debug|x64
		{8A334ACA-4889-4317-BF58-4E5BE1858977}.Debug|x64.Build.0 = Debug|x64
		{8A334ACA-4889-4317-BF58-4E5BE1858977}.Debug|x86.ActiveCfg = Debug|Win32
		{8A334ACA-4889-4317-BF58-4E5BE1858977}.Debug|x86.Build.0 = Debug|Win32
		{8A334ACA-4889-4317-BF58-4E5BE1858977}.Release|x64.ActiveCfg = Release|x64
		{8A334ACA-4889-4317-BF58-4E5BE1858977}.Release|x64.Build.0 = Release|x64
		{8A334ACA-4889-4317-BF58-4E5BE1858977}.Release|x86.ActiveCfg = Release|Win32
		{8A334ACA-4889-4317-BF58-4E5BE1858977}.Release|x86.Build.0 = Release|Win32
		{7DAE06AD-E5E6-4922-8766-241317887465}.Debug|x64.ActiveCfg = Debug|x64
		{7DAE06AD-E5E6-4922-8766-241317887465}.Debug|x64.Build.0 = Debug|x64
		{7DAE06AD-E5E6-4922-8766-241317887465}.Debug|x86.ActiveCfg = Debug|Win32
		{7DAE06AD-E5E6-4922-8766-241317887465}.Debug|x86.Build.0 = Debug|Win32
		{7DAE06AD-E5E6-4922-8766-241317887465}.Release|x64.ActiveCfg = Release|x64
		{7DAE06AD-E5E6-4922-8766-241317887465}.Release|x64.Build.0 = Release|x64
		{7DAE06AD-E5E6-4922-8766-241317887465}.Release|x86.ActiveCfg = Release|Win32
		{7DAE06AD-E5E6-4922-8766-241317887465}.Release|x86.Build.0 = Release|Win32
		{DB5169A0-9926-4030-B153-AF8AE0B30C57}.Debug|x64.ActiveCfg = Debug|x64
		{DB5169A0-9926-4030-B153-AF8AE0B30C57}.Debug|x64.Build.0 = Debug|x64
		{DB5169A0-9926-4030-B153-AF8AE0B30C57}.Debug|x86.ActiveCfg = Debug|Win32
		{DB5169A0-9926-4030-B153-AF8AE0B30C57}.Debug|x86.Build.0 = Debug|Win32
		{DB5169A0-9926-4030-B153-AF8AE0B30C57}.Release|x64.ActiveCfg = Release|x64
		{DB5169A0-9926-4030-B153-AF8AE0B30C57}.Release|x64.Build.0 = Release|x64
		{DB5169A0-9926-4030-B153-AF8AE0B30C57}.Release|x86.ActiveCfg = Release|Win32
		{DB5169A0-9926-4030-B153-AF8AE0B30C57}.Release|x86.Build.0 = Release|Win32
	EndGlobalSection
	GlobalSection(SolutionProperties) = preSolution
		HideSolutionNode = FALSE
	EndGlobalSection
	GlobalSection(ExtensibilityGlobals) = postSolution
		SolutionGuid = {D1F7DB54-2472-4773-B4E8-B7435EDBEB31}
	EndGlobalSection
EndGlobal
